PODS:
  - Chatto (3.0.1)
  - ChattoAdditions (3.0.1):
    - Chatto

DEPENDENCIES:
  - Chatto
  - ChattoAdditions

SPEC CHECKSUMS:
  Chatto: 484273a793e06a33cef2f7e5b5b88a5a375df015
  ChattoAdditions: efd743b47dbd063eac824cd4bd94756cbf503f70

PODFILE CHECKSUM: a52ce6f11473939e91e60a6dafdad131891a9f98

COCOAPODS: 1.1.1
